
Microsoft Visual Studio Solution File, Format Version 12.00
# Visual Studio Version 17
VisualStudioVersion = 17.10.35013.160
MinimumVisualStudioVersion = 10.0.40219.1
Project("{FAE04EC0-301F-11D3-BF4B-00C04F79EFBC}") = "ReadPdfInDotNet", "ReadPdfInDotNet.csproj", "{7E8FB9A6-6649-4580-8C4A-CE1C27DAE9A3}"
EndProject
Global
	GlobalSection(SolutionConfigurationPlatforms) = preSolution
		Debug|Any CPU = Debug|Any CPU
		Release|Any CPU = Release|Any CPU
	EndGlobalSection
	GlobalSection(ProjectConfigurationPlatforms) = postSolution
		{7E8FB9A6-6649-4580-8C4A-CE1C27DAE9A3}.Debug|Any CPU.ActiveCfg = Debug|Any CPU
		{7E8FB9A6-6649-4580-8C4A-CE1C27DAE9A3}.Debug|Any CPU.Build.0 = Debug|Any CPU
		{7E8FB9A6-6649-4580-8C4A-CE1C27DAE9A3}.Release|Any CPU.ActiveCfg = Release|Any CPU
		{7E8FB9A6-6649-4580-8C4A-CE1C27DAE9A3}.Release|Any CPU.Build.0 = Release|Any CPU
	EndGlobalSection
	GlobalSection(SolutionProperties) = preSolution
		HideSolutionNode = FALSE
	EndGlobalSection
	GlobalSection(ExtensibilityGlobals) = postSolution
		SolutionGuid = {C608A76F-A2C5-4967-A19F-E2D8ACCA0096}
	EndGlobalSection
EndGlobal
